
Microsoft Visual Studio Solution File, Format Version 12.00
# Visual Studio Version 17
VisualStudioVersion = 17.9.34607.119
MinimumVisualStudioVersion = 10.0.40219.1
Project("{FAE04EC0-301F-11D3-BF4B-00C04F79EFBC}") = "HouseRentingSystem.MVC", "HouseRentingSystem.MVC\HouseRentingSystem.MVC.csproj", "{27A3EE5D-7850-4018-BECD-BB1F2E136D74}"
EndProject
Project("{FAE04EC0-301F-11D3-BF4B-00C04F79EFBC}") = "HouseRentingSystem.Core", "HouseRentingSystem.Core\HouseRentingSystem.Core.csproj", "{52AD8570-5099-40A6-8989-36D5B2871733}"
EndProject
Project("{FAE04EC0-301F-11D3-BF4B-00C04F79EFBC}") = "HouseRentingSystem.Data", "HouseRentingSystem.Data\HouseRentingSystem.Data.csproj", "{3559601C-F343-4F3B-A3FB-BA463DC0C87F}"
EndProject
Global
	GlobalSection(SolutionConfigurationPlatforms) = preSolution
		Debug|Any CPU = Debug|Any CPU
		Release|Any CPU = Release|Any CPU
	EndGlobalSection
	GlobalSection(ProjectConfigurationPlatforms) = postSolution
		{27A3EE5D-7850-4018-BECD-BB1F2E136D74}.Debug|Any CPU.ActiveCfg = Debug|Any CPU
		{27A3EE5D-7850-4018-BECD-BB1F2E136D74}.Debug|Any CPU.Build.0 = Debug|Any CPU
		{27A3EE5D-7850-4018-BECD-BB1F2E136D74}.Release|Any CPU.ActiveCfg = Release|Any CPU
		{27A3EE5D-7850-4018-BECD-BB1F2E136D74}.Release|Any CPU.Build.0 = Release|Any CPU
		{52AD8570-5099-40A6-8989-36D5B2871733}.Debug|Any CPU.ActiveCfg = Debug|Any CPU
		{52AD8570-5099-40A6-8989-36D5B2871733}.Debug|Any CPU.Build.0 = Debug|Any CPU
		{52AD8570-5099-40A6-8989-36D5B2871733}.Release|Any CPU.ActiveCfg = Release|Any CPU
		{52AD8570-5099-40A6-8989-36D5B2871733}.Release|Any CPU.Build.0 = Release|Any CPU
		{3559601C-F343-4F3B-A3FB-BA463DC0C87F}.Debug|Any CPU.ActiveCfg = Debug|Any CPU
		{3559601C-F343-4F3B-A3FB-BA463DC0C87F}.Debug|Any CPU.Build.0 = Debug|Any CPU
		{3559601C-F343-4F3B-A3FB-BA463DC0C87F}.Release|Any CPU.ActiveCfg = Release|Any CPU
		{3559601C-F343-4F3B-A3FB-BA463DC0C87F}.Release|Any CPU.Build.0 = Release|Any CPU
	EndGlobalSection
	GlobalSection(SolutionProperties) = preSolution
		HideSolutionNode = FALSE
	EndGlobalSection
	GlobalSection(ExtensibilityGlobals) = postSolution
		SolutionGuid = {FE8707FC-4C3F-44B7-B82C-60488F0EEBC5}
	EndGlobalSection
EndGlobal
